
Microsoft Visual Studio Solution File, Format Version 11.00
# Visual Studio 2010
Project("{FAE04EC0-301F-11D3-BF4B-00C04F79EFBC}") = "EasylinkApp.Business", "EasylinkApp.Business\EasylinkApp.Business.csproj", "{DEFABD85-B450-4D72-9772-E7F5BAAA03EC}"
EndProject
Project("{FAE04EC0-301F-11D3-BF4B-00C04F79EFBC}") = "EasylinkApp.Tests", "EasylinkApp.Tests\EasylinkApp.Tests.csproj", "{449A4703-7D6D-41DB-BD67-205F6DC55B72}"
EndProject
Project("{FAE04EC0-301F-11D3-BF4B-00C04F79EFBC}") = "EasylinkApp.WPF", "EasylinkApp.WPF\EasylinkApp.WPF.csproj", "{4F7F9C6B-A3A6-4EB5-97EE-168B61743A96}"
EndProject
Global
	GlobalSection(SolutionConfigurationPlatforms) = preSolution
		Debug|Any CPU = Debug|Any CPU
		Debug|Mixed Platforms = Debug|Mixed Platforms
		Debug|x86 = Debug|x86
		Release|Any CPU = Release|Any CPU
		Release|Mixed Platforms = Release|Mixed Platforms
		Release|x86 = Release|x86
	EndGlobalSection
	GlobalSection(ProjectConfigurationPlatforms) = postSolution
		{DEFABD85-B450-4D72-9772-E7F5BAAA03EC}.Debug|Any CPU.ActiveCfg = Debug|Any CPU
		{DEFABD85-B450-4D72-9772-E7F5BAAA03EC}.Debug|Any CPU.Build.0 = Debug|Any CPU
		{DEFABD85-B450-4D72-9772-E7F5BAAA03EC}.Debug|Mixed Platforms.ActiveCfg = Debug|Any CPU
		{DEFABD85-B450-4D72-9772-E7F5BAAA03EC}.Debug|Mixed Platforms.Build.0 = Debug|Any CPU
		{DEFABD85-B450-4D72-9772-E7F5BAAA03EC}.Debug|x86.ActiveCfg = Debug|Any CPU
		{DEFABD85-B450-4D72-9772-E7F5BAAA03EC}.Release|Any CPU.ActiveCfg = Release|Any CPU
		{DEFABD85-B450-4D72-9772-E7F5BAAA03EC}.Release|Any CPU.Build.0 = Release|Any CPU
		{DEFABD85-B450-4D72-9772-E7F5BAAA03EC}.Release|Mixed Platforms.ActiveCfg = Release|Any CPU
		{DEFABD85-B450-4D72-9772-E7F5BAAA03EC}.Release|Mixed Platforms.Build.0 = Release|Any CPU
		{DEFABD85-B450-4D72-9772-E7F5BAAA03EC}.Release|x86.ActiveCfg = Release|Any CPU
		{449A4703-7D6D-41DB-BD67-205F6DC55B72}.Debug|Any CPU.ActiveCfg = Debug|Any CPU
		{449A4703-7D6D-41DB-BD67-205F6DC55B72}.Debug|Any CPU.Build.0 = Debug|Any CPU
		{449A4703-7D6D-41DB-BD67-205F6DC55B72}.Debug|Mixed Platforms.ActiveCfg = Debug|Any CPU
		{449A4703-7D6D-41DB-BD67-205F6DC55B72}.Debug|Mixed Platforms.Build.0 = Debug|Any CPU
		{449A4703-7D6D-41DB-BD67-205F6DC55B72}.Debug|x86.ActiveCfg = Debug|Any CPU
		{449A4703-7D6D-41DB-BD67-205F6DC55B72}.Release|Any CPU.ActiveCfg = Release|Any CPU
		{449A4703-7D6D-41DB-BD67-205F6DC55B72}.Release|Any CPU.Build.0 = Release|Any CPU
		{449A4703-7D6D-41DB-BD67-205F6DC55B72}.Release|Mixed Platforms.ActiveCfg = Release|Any CPU
		{449A4703-7D6D-41DB-BD67-205F6DC55B72}.Release|Mixed Platforms.Build.0 = Release|Any CPU
		{449A4703-7D6D-41DB-BD67-205F6DC55B72}.Release|x86.ActiveCfg = Release|Any CPU
		{4F7F9C6B-A3A6-4EB5-97EE-168B61743A96}.Debug|Any CPU.ActiveCfg = Debug|x86
		{4F7F9C6B-A3A6-4EB5-97EE-168B61743A96}.Debug|Mixed Platforms.ActiveCfg = Debug|x86
		{4F7F9C6B-A3A6-4EB5-97EE-168B61743A96}.Debug|Mixed Platforms.Build.0 = Debug|x86
		{4F7F9C6B-A3A6-4EB5-97EE-168B61743A96}.Debug|x86.ActiveCfg = Debug|x86
		{4F7F9C6B-A3A6-4EB5-97EE-168B61743A96}.Debug|x86.Build.0 = Debug|x86
		{4F7F9C6B-A3A6-4EB5-97EE-168B61743A96}.Release|Any CPU.ActiveCfg = Release|x86
		{4F7F9C6B-A3A6-4EB5-97EE-168B61743A96}.Release|Mixed Platforms.ActiveCfg = Release|x86
		{4F7F9C6B-A3A6-4EB5-97EE-168B61743A96}.Release|Mixed Platforms.Build.0 = Release|x86
		{4F7F9C6B-A3A6-4EB5-97EE-168B61743A96}.Release|x86.ActiveCfg = Release|x86
		{4F7F9C6B-A3A6-4EB5-97EE-168B61743A96}.Release|x86.Build.0 = Release|x86
	EndGlobalSection
	GlobalSection(SolutionProperties) = preSolution
		HideSolutionNode = FALSE
	EndGlobalSection
EndGlobal
